
Microsoft Visual Studio Solution File, Format Version 12.00
# Visual Studio Version 17
VisualStudioVersion = 17.9.34723.18
MinimumVisualStudioVersion = 10.0.40219.1
Project("{9A19103F-16F7-4668-BE54-9A1E7A4F7556}") = "QuestYield", "QuestYield.csproj", "{22D88AA9-141D-4D02-BC7D-992782A3E089}"
EndProject
Global
	GlobalSection(SolutionConfigurationPlatforms) = preSolution
		Debug|Any CPU = Debug|Any CPU
		Release|Any CPU = Release|Any CPU
	EndGlobalSection
	GlobalSection(ProjectConfigurationPlatforms) = postSolution
		{22D88AA9-141D-4D02-BC7D-992782A3E089}.Debug|Any CPU.ActiveCfg = Debug|Any CPU
		{22D88AA9-141D-4D02-BC7D-992782A3E089}.Debug|Any CPU.Build.0 = Debug|Any CPU
		{22D88AA9-141D-4D02-BC7D-992782A3E089}.Release|Any CPU.ActiveCfg = Release|Any CPU
		{22D88AA9-141D-4D02-BC7D-992782A3E089}.Release|Any CPU.Build.0 = Release|Any CPU
	EndGlobalSection
	GlobalSection(SolutionProperties) = preSolution
		HideSolutionNode = FALSE
	EndGlobalSection
	GlobalSection(ExtensibilityGlobals) = postSolution
		SolutionGuid = {55D14190-A825-469A-8008-EF97A3BCAE4D}
	EndGlobalSection
EndGlobal
